[[package]]
name = "altgraph"
version = "0.17"
description = "Python graph (network) package"
category = "main"
optional = false
python-versions = "*"

[[package]]
name = "cffi"
version = "1.14.5"
description = "Foreign Function Interface for Python calling C code."
category = "main"
optional = false
python-versions = "*"

[package.dependencies]
pycparser = "*"

[[package]]
name = "future"
version = "0.18.2"
description = "Clean single-source support for Python 3 and 2"
category = "main"
optional = false
python-versions = ">=2.6, !=3.0.*, !=3.1.*, !=3.2.*"

[[package]]
name = "macholib"
version = "1.14"
description = "Mach-O header analysis and editing"
category = "main"
optional = false
python-versions = "*"

[package.dependencies]
altgraph = ">=0.15"

[[package]]
name = "numpy"
version = "1.20.1"
description = "NumPy is the fundamental package for array computing with Python."
category = "main"
optional = false
python-versions = ">=3.7"

[[package]]
name = "pefile"
version = "2019.4.18"
description = "Python PE parsing module"
category = "main"
optional = false
python-versions = "*"

[package.dependencies]
future = "*"

[[package]]
name = "pillow"
version = "8.1.2"
description = "Python Imaging Library (Fork)"
category = "main"
optional = false
python-versions = ">=3.6"

[[package]]
name = "pycparser"
version = "2.20"
description = "C parser in Python"
category = "main"
optional = false
python-versions = ">=2.7, !=3.0.*, !=3.1.*, !=3.2.*, !=3.3.*"

[[package]]
name = "pyinstaller"
version = "4.2"
description = "PyInstaller bundles a Python application and all its dependencies into a single package."
category = "main"
optional = false
python-versions = ">=3.5"

[package.dependencies]
altgraph = "*"
macholib = {version = ">=1.8", markers = "sys_platform == \"darwin\""}
pefile = {version = ">=2017.8.1", markers = "sys_platform == \"win32\""}
pyinstaller-hooks-contrib = ">=2020.6"
pywin32-ctypes = {version = ">=0.2.0", markers = "sys_platform == \"win32\""}

[package.extras]
encryption = ["tinyaes (>=1.0.0)"]
hook_testing = ["pytest (>=2.7.3)", "execnet (>=1.5.0)", "psutil"]

[[package]]
name = "pyinstaller-hooks-contrib"
version = "2021.1"
description = "Community maintained hooks for PyInstaller"
category = "main"
optional = false
python-versions = "*"

[[package]]
name = "pysoundfile"
version = "0.9.0.post1"
description = "An audio library based on libsndfile, CFFI and NumPy"
category = "main"
optional = false
python-versions = "*"

[package.dependencies]
cffi = ">=0.6"

[package.extras]
numpy = ["numpy"]

[[package]]
name = "pywin32-ctypes"
version = "0.2.0"
description = ""
category = "main"
optional = false
python-versions = "*"

[[package]]
name = "six"
version = "1.15.0"
description = "Python 2 and 3 compatibility utilities"
category = "main"
optional = false
python-versions = ">=2.7, !=3.0.*, !=3.1.*, !=3.2.*"

[[package]]
name = "wxpython"
version = "4.1.1"
description = "Cross platform GUI toolkit for Python, \"Phoenix\" version"
category = "main"
optional = false
python-versions = "*"

[package.dependencies]
numpy = {version = "*", markers = "python_version >= \"3.0\""}
pillow = "*"
six = "*"

[metadata]
lock-version = "1.1"
python-versions = "^3.9"
content-hash = "20eef7ad83e904bd9f3f70d256f496feca160ef2c96afcff2eed7309e52de86b"

[metadata.files]
altgraph = [
    {file = "altgraph-0.17-py2.py3-none-any.whl", hash = "sha256:c623e5f3408ca61d4016f23a681b9adb100802ca3e3da5e718915a9e4052cebe"},
    {file = "altgraph-0.17.tar.gz", hash = "sha256:1f05a47122542f97028caf78775a095fbe6a2699b5089de8477eb583167d69aa"},
]
cffi = [
    {file = "cffi-1.14.5-cp27-cp27m-macosx_10_9_x86_64.whl", hash = "sha256:bb89f306e5da99f4d922728ddcd6f7fcebb3241fc40edebcb7284d7514741991"},
    {file = "cffi-1.14.5-cp27-cp27m-manylinux1_i686.whl", hash = "sha256:34eff4b97f3d982fb93e2831e6750127d1355a923ebaeeb565407b3d2f8d41a1"},
    {file = "cffi-1.14.5-cp27-cp27m-manylinux1_x86_64.whl", hash = "sha256:99cd03ae7988a93dd00bcd9d0b75e1f6c426063d6f03d2f90b89e29b25b82dfa"},
    {file = "cffi-1.14.5-cp27-cp27m-win32.whl", hash = "sha256:65fa59693c62cf06e45ddbb822165394a288edce9e276647f0046e1ec26920f3"},
    {file = "cffi-1.14.5-cp27-cp27m-win_amd64.whl", hash = "sha256:51182f8927c5af975fece87b1b369f722c570fe169f9880764b1ee3bca8347b5"},
    {file = "cffi-1.14.5-cp27-cp27mu-manylinux1_i686.whl", hash = "sha256:43e0b9d9e2c9e5d152946b9c5fe062c151614b262fda2e7b201204de0b99e482"},
    {file = "cffi-1.14.5-cp27-cp27mu-manylinux1_x86_64.whl", hash = "sha256:cbde590d4faaa07c72bf979734738f328d239913ba3e043b1e98fe9a39f8b2b6"},
    {file = "cffi-1.14.5-cp35-cp35m-macosx_10_9_x86_64.whl", hash = "sha256:5de7970188bb46b7bf9858eb6890aad302577a5f6f75091fd7cdd3ef13ef3045"},
    {file = "cffi-1.14.5-cp35-cp35m-manylinux1_i686.whl", hash = "sha256:a465da611f6fa124963b91bf432d960a555563efe4ed1cc403ba5077b15370aa"},
    {file = "cffi-1.14.5-cp35-cp35m-manylinux1_x86_64.whl", hash = "sha256:d42b11d692e11b6634f7613ad8df5d6d5f8875f5d48939520d351007b3c13406"},
    {file = "cffi-1.14.5-cp35-cp35m-win32.whl", hash = "sha256:72d8d3ef52c208ee1c7b2e341f7d71c6fd3157138abf1a95166e6165dd5d4369"},
    {file = "cffi-1.14.5-cp35-cp35m-win_amd64.whl", hash = "sha256:29314480e958fd8aab22e4a58b355b629c59bf5f2ac2492b61e3dc06d8c7a315"},
    {file = "cffi-1.14.5-cp36-cp36m-macosx_10_9_x86_64.whl", hash = "sha256:3d3dd4c9e559eb172ecf00a2a7517e97d1e96de2a5e610bd9b68cea3925b4892"},
    {file = "cffi-1.14.5-cp36-cp36m-manylinux1_i686.whl", hash = "sha256:48e1c69bbacfc3d932221851b39d49e81567a4d4aac3b21258d9c24578280058"},
    {file = "cffi-1.14.5-cp36-cp36m-manylinux1_x86_64.whl", hash = "sha256:69e395c24fc60aad6bb4fa7e583698ea6cc684648e1ffb7fe85e3c1ca131a7d5"},
    {file = "cffi-1.14.5-cp36-cp36m-manylinux2014_aarch64.whl", hash = "sha256:9e93e79c2551ff263400e1e4be085a1210e12073a31c2011dbbda14bda0c6132"},
    {file = "cffi-1.14.5-cp36-cp36m-win32.whl", hash = "sha256:58e3f59d583d413809d60779492342801d6e82fefb89c86a38e040c16883be53"},
    {file = "cffi-1.14.5-cp36-cp36m-win_amd64.whl", hash = "sha256:005a36f41773e148deac64b08f233873a4d0c18b053d37da83f6af4d9087b813"},
    {file = "cffi-1.14.5-cp37-cp37m-macosx_10_9_x86_64.whl", hash = "sha256:2894f2df484ff56d717bead0a5c2abb6b9d2bf26d6960c4604d5c48bbc30ee73"},
    {file = "cffi-1.14.5-cp37-cp37m-manylinux1_i686.whl", hash = "sha256:0857f0ae312d855239a55c81ef453ee8fd24136eaba8e87a2eceba644c0d4c06"},
    {file = "cffi-1.14.5-cp37-cp37m-manylinux1_x86_64.whl", hash = "sha256:cd2868886d547469123fadc46eac7ea5253ea7fcb139f12e1dfc2bbd406427d1"},
    {file = "cffi-1.14.5-cp37-cp37m-manylinux2014_aarch64.whl", hash = "sha256:35f27e6eb43380fa080dccf676dece30bef72e4a67617ffda586641cd4508d49"},
    {file = "cffi-1.14.5-cp37-cp37m-win32.whl", hash = "sha256:9ff227395193126d82e60319a673a037d5de84633f11279e336f9c0f189ecc62"},
    {file = "cffi-1.14.5-cp37-cp37m-win_amd64.whl", hash = "sha256:9cf8022fb8d07a97c178b02327b284521c7708d7c71a9c9c355c178ac4bbd3d4"},
    {file = "cffi-1.14.5-cp38-cp38-macosx_10_9_x86_64.whl", hash = "sha256:8b198cec6c72df5289c05b05b8b0969819783f9418e0409865dac47288d2a053"},
    {file = "cffi-1.14.5-cp38-cp38-manylinux1_i686.whl", hash = "sha256:ad17025d226ee5beec591b52800c11680fca3df50b8b29fe51d882576e039ee0"},
    {file = "cffi-1.14.5-cp38-cp38-manylinux1_x86_64.whl", hash = "sha256:6c97d7350133666fbb5cf4abdc1178c812cb205dc6f41d174a7b0f18fb93337e"},
    {file = "cffi-1.14.5-cp38-cp38-manylinux2014_aarch64.whl", hash = "sha256:8ae6299f6c68de06f136f1f9e69458eae58f1dacf10af5c17353eae03aa0d827"},
    {file = "cffi-1.14.5-cp38-cp38-win32.whl", hash = "sha256:b85eb46a81787c50650f2392b9b4ef23e1f126313b9e0e9013b35c15e4288e2e"},
    {file = "cffi-1.14.5-cp38-cp38-win_amd64.whl", hash = "sha256:1f436816fc868b098b0d63b8920de7d208c90a67212546d02f84fe78a9c26396"},
    {file = "cffi-1.14.5-cp39-cp39-macosx_10_9_x86_64.whl", hash = "sha256:1071534bbbf8cbb31b498d5d9db0f274f2f7a865adca4ae429e147ba40f73dea"},
    {file = "cffi-1.14.5-cp39-cp39-manylinux1_i686.whl", hash = "sha256:9de2e279153a443c656f2defd67769e6d1e4163952b3c622dcea5b08a6405322"},
    {file = "cffi-1.14.5-cp39-cp39-manylinux1_x86_64.whl", hash = "sha256:6e4714cc64f474e4d6e37cfff31a814b509a35cb17de4fb1999907575684479c"},
    {file = "cffi-1.14.5-cp39-cp39-manylinux2014_aarch64.whl", hash = "sha256:158d0d15119b4b7ff6b926536763dc0714313aa59e320ddf787502c70c4d4bee"},
    {file = "cffi-1.14.5-cp39-cp39-win32.whl", hash = "sha256:afb29c1ba2e5a3736f1c301d9d0abe3ec8b86957d04ddfa9d7a6a42b9367e396"},
    {file = "cffi-1.14.5-cp39-cp39-win_amd64.whl", hash = "sha256:f2d45f97ab6bb54753eab54fffe75aaf3de4ff2341c9daee1987ee1837636f1d"},
    {file = "cffi-1.14.5.tar.gz", hash = "sha256:fd78e5fee591709f32ef6edb9a015b4aa1a5022598e36227500c8f4e02328d9c"},
]
future = [
    {file = "future-0.18.2.tar.gz", hash = "sha256:b1bead90b70cf6ec3f0710ae53a525360fa360d306a86583adc6bf83a4db537d"},
]
macholib = [
    {file = "macholib-1.14-py2.py3-none-any.whl", hash = "sha256:c500f02867515e6c60a27875b408920d18332ddf96b4035ef03beddd782d4281"},
    {file = "macholib-1.14.tar.gz", hash = "sha256:0c436bc847e7b1d9bda0560351bf76d7caf930fb585a828d13608839ef42c432"},
]
numpy = [
    {file = "numpy-1.20.1-cp37-cp37m-macosx_10_9_x86_64.whl", hash = "sha256:ae61f02b84a0211abb56462a3b6cd1e7ec39d466d3160eb4e1da8bf6717cdbeb"},
    {file = "numpy-1.20.1-cp37-cp37m-manylinux1_i686.whl", hash = "sha256:65410c7f4398a0047eea5cca9b74009ea61178efd78d1be9847fac1d6716ec1e"},
    {file = "numpy-1.20.1-cp37-cp37m-manylinux1_x86_64.whl", hash = "sha256:2d7e27442599104ee08f4faed56bb87c55f8b10a5494ac2ead5c98a4b289e61f"},
    {file = "numpy-1.20.1-cp37-cp37m-manylinux2010_i686.whl", hash = "sha256:4ed8e96dc146e12c1c5cdd6fb9fd0757f2ba66048bf94c5126b7efebd12d0090"},
    {file = "numpy-1.20.1-cp37-cp37m-manylinux2010_x86_64.whl", hash = "sha256:ecb5b74c702358cdc21268ff4c37f7466357871f53a30e6f84c686952bef16a9"},
    {file = "numpy-1.20.1-cp37-cp37m-manylinux2014_aarch64.whl", hash = "sha256:b9410c0b6fed4a22554f072a86c361e417f0258838957b78bd063bde2c7f841f"},
    {file = "numpy-1.20.1-cp37-cp37m-win32.whl", hash = "sha256:3d3087e24e354c18fb35c454026af3ed8997cfd4997765266897c68d724e4845"},
    {file = "numpy-1.20.1-cp37-cp37m-win_amd64.whl", hash = "sha256:89f937b13b8dd17b0099c7c2e22066883c86ca1575a975f754babc8fbf8d69a9"},
    {file = "numpy-1.20.1-cp38-cp38-macosx_10_9_x86_64.whl", hash = "sha256:a1d7995d1023335e67fb070b2fae6f5968f5be3802b15ad6d79d81ecaa014fe0"},
    {file = "numpy-1.20.1-cp38-cp38-manylinux1_i686.whl", hash = "sha256:60759ab15c94dd0e1ed88241fd4fa3312db4e91d2c8f5a2d4cf3863fad83d65b"},
    {file = "numpy-1.20.1-cp38-cp38-manylinux1_x86_64.whl", hash = "sha256:125a0e10ddd99a874fd357bfa1b636cd58deb78ba4a30b5ddb09f645c3512e04"},
    {file = "numpy-1.20.1-cp38-cp38-manylinux2010_i686.whl", hash = "sha256:c26287dfc888cf1e65181f39ea75e11f42ffc4f4529e5bd19add57ad458996e2"},
    {file = "numpy-1.20.1-cp38-cp38-manylinux2010_x86_64.whl", hash = "sha256:7199109fa46277be503393be9250b983f325880766f847885607d9b13848f257"},
    {file = "numpy-1.20.1-cp38-cp38-manylinux2014_aarch64.whl", hash = "sha256:72251e43ac426ff98ea802a931922c79b8d7596480300eb9f1b1e45e0543571e"},
    {file = "numpy-1.20.1-cp38-cp38-win32.whl", hash = "sha256:c91ec9569facd4757ade0888371eced2ecf49e7982ce5634cc2cf4e7331a4b14"},
    {file = "numpy-1.20.1-cp38-cp38-win_amd64.whl", hash = "sha256:13adf545732bb23a796914fe5f891a12bd74cf3d2986eed7b7eba2941eea1590"},
    {file = "numpy-1.20.1-cp39-cp39-macosx_10_9_x86_64.whl", hash = "sha256:104f5e90b143dbf298361a99ac1af4cf59131218a045ebf4ee5990b83cff5fab"},
    {file = "numpy-1.20.1-cp39-cp39-manylinux2010_i686.whl", hash = "sha256:89e5336f2bec0c726ac7e7cdae181b325a9c0ee24e604704ed830d241c5e47ff"},
    {file = "numpy-1.20.1-cp39-cp39-manylinux2010_x86_64.whl", hash = "sha256:032be656d89bbf786d743fee11d01ef318b0781281241997558fa7950028dd29"},
    {file = "numpy-1.20.1-cp39-cp39-manylinux2014_aarch64.whl", hash = "sha256:66b467adfcf628f66ea4ac6430ded0614f5cc06ba530d09571ea404789064adc"},
    {file = "numpy-1.20.1-cp39-cp39-win32.whl", hash = "sha256:12e4ba5c6420917571f1a5becc9338abbde71dd811ce40b37ba62dec7b39af6d"},
    {file = "numpy-1.20.1-cp39-cp39-win_amd64.whl", hash = "sha256:9c94cab5054bad82a70b2e77741271790304651d584e2cdfe2041488e753863b"},
    {file = "numpy-1.20.1-pp37-pypy37_pp73-manylinux2010_x86_64.whl", hash = "sha256:9eb551d122fadca7774b97db8a112b77231dcccda8e91a5bc99e79890797175e"},
    {file = "numpy-1.20.1.zip", hash = "sha256:3bc63486a870294683980d76ec1e3efc786295ae00128f9ea38e2c6e74d5a60a"},
]
pefile = [
    {file = "pefile-2019.4.18.tar.gz", hash = "sha256:a5d6e8305c6b210849b47a6174ddf9c452b2888340b8177874b862ba6c207645"},
]
pillow = [
    {file = "Pillow-8.1.2-cp36-cp36m-macosx_10_10_x86_64.whl", hash = "sha256:5cf03b9534aca63b192856aa601c68d0764810857786ea5da652581f3a44c2b0"},
    {file = "Pillow-8.1.2-cp36-cp36m-manylinux1_i686.whl", hash = "sha256:f91b50ad88048d795c0ad004abbe1390aa1882073b1dca10bfd55d0b8cf18ec5"},
    {file = "Pillow-8.1.2-cp36-cp36m-manylinux1_x86_64.whl", hash = "sha256:5762ebb4436f46b566fc6351d67a9b5386b5e5de4e58fdaa18a1c83e0e20f1a8"},
    {file = "Pillow-8.1.2-cp36-cp36m-manylinux2014_aarch64.whl", hash = "sha256:e2cd8ac157c1e5ae88b6dd790648ee5d2777e76f1e5c7d184eaddb2938594f34"},
    {file = "Pillow-8.1.2-cp36-cp36m-win32.whl", hash = "sha256:72027ebf682abc9bafd93b43edc44279f641e8996fb2945104471419113cfc71"},
    {file = "Pillow-8.1.2-cp36-cp36m-win_amd64.whl", hash = "sha256:d1d6bca39bb6dd94fba23cdb3eeaea5e30c7717c5343004d900e2a63b132c341"},
    {file = "Pillow-8.1.2-cp37-cp37m-macosx_10_10_x86_64.whl", hash = "sha256:90882c6f084ef68b71bba190209a734bf90abb82ab5e8f64444c71d5974008c6"},
    {file = "Pillow-8.1.2-cp37-cp37m-manylinux1_i686.whl", hash = "sha256:89e4c757a91b8c55d97c91fa09c69b3677c227b942fa749e9a66eef602f59c28"},
    {file = "Pillow-8.1.2-cp37-cp37m-manylinux1_x86_64.whl", hash = "sha256:8c4e32218c764bc27fe49b7328195579581aa419920edcc321c4cb877c65258d"},
    {file = "Pillow-8.1.2-cp37-cp37m-manylinux2014_aarch64.whl", hash = "sha256:a01da2c266d9868c4f91a9c6faf47a251f23b9a862dce81d2ff583135206f5be"},
    {file = "Pillow-8.1.2-cp37-cp37m-win32.whl", hash = "sha256:30d33a1a6400132e6f521640dd3f64578ac9bfb79a619416d7e8802b4ce1dd55"},
    {file = "Pillow-8.1.2-cp37-cp37m-win_amd64.whl", hash = "sha256:71b01ee69e7df527439d7752a2ce8fb89e19a32df484a308eca3e81f673d3a03"},
    {file = "Pillow-8.1.2-cp38-cp38-macosx_10_10_x86_64.whl", hash = "sha256:5a2d957eb4aba9d48170b8fe6538ec1fbc2119ffe6373782c03d8acad3323f2e"},
    {file = "Pillow-8.1.2-cp38-cp38-manylinux1_i686.whl", hash = "sha256:87f42c976f91ca2fc21a3293e25bd3cd895918597db1b95b93cbd949f7d019ce"},
    {file = "Pillow-8.1.2-cp38-cp38-manylinux1_x86_64.whl", hash = "sha256:15306d71a1e96d7e271fd2a0737038b5a92ca2978d2e38b6ced7966583e3d5af"},
    {file = "Pillow-8.1.2-cp38-cp38-manylinux2014_aarch64.whl", hash = "sha256:71f31ee4df3d5e0b366dd362007740106d3210fb6a56ec4b581a5324ba254f06"},
    {file = "Pillow-8.1.2-cp38-cp38-win32.whl", hash = "sha256:98afcac3205d31ab6a10c5006b0cf040d0026a68ec051edd3517b776c1d78b09"},
    {file = "Pillow-8.1.2-cp38-cp38-win_amd64.whl", hash = "sha256:328240f7dddf77783e72d5ed79899a6b48bc6681f8d1f6001f55933cb4905060"},
    {file = "Pillow-8.1.2-cp39-cp39-macosx_10_10_x86_64.whl", hash = "sha256:bead24c0ae3f1f6afcb915a057943ccf65fc755d11a1410a909c1fefb6c06ad1"},
    {file = "Pillow-8.1.2-cp39-cp39-macosx_11_0_arm64.whl", hash = "sha256:81b3716cc9744ffdf76b39afb6247eae754186838cedad0b0ac63b2571253fe6"},
    {file = "Pillow-8.1.2-cp39-cp39-manylinux1_i686.whl", hash = "sha256:63cd413ac52ee3f67057223d363f4f82ce966e64906aea046daf46695e3c8238"},
    {file = "Pillow-8.1.2-cp39-cp39-manylinux1_x86_64.whl", hash = "sha256:8565355a29655b28fdc2c666fd9a3890fe5edc6639d128814fafecfae2d70910"},
    {file = "Pillow-8.1.2-cp39-cp39-manylinux2014_aarch64.whl", hash = "sha256:1940fc4d361f9cc7e558d6f56ff38d7351b53052fd7911f4b60cd7bc091ea3b1"},
    {file = "Pillow-8.1.2-cp39-cp39-win32.whl", hash = "sha256:46c2bcf8e1e75d154e78417b3e3c64e96def738c2a25435e74909e127a8cba5e"},
    {file = "Pillow-8.1.2-cp39-cp39-win_amd64.whl", hash = "sha256:aeab4cd016e11e7aa5cfc49dcff8e51561fa64818a0be86efa82c7038e9369d0"},
    {file = "Pillow-8.1.2-pp36-pypy36_pp73-macosx_10_10_x86_64.whl", hash = "sha256:74cd9aa648ed6dd25e572453eb09b08817a1e3d9f8d1bd4d8403d99e42ea790b"},
    {file = "Pillow-8.1.2-pp36-pypy36_pp73-manylinux2010_i686.whl", hash = "sha256:e5739ae63636a52b706a0facec77b2b58e485637e1638202556156e424a02dc2"},
    {file = "Pillow-8.1.2-pp36-pypy36_pp73-manylinux2010_x86_64.whl", hash = "sha256:903293320efe2466c1ab3509a33d6b866dc850cfd0c5d9cc92632014cec185fb"},
    {file = "Pillow-8.1.2-pp37-pypy37_pp73-macosx_10_10_x86_64.whl", hash = "sha256:5daba2b40782c1c5157a788ec4454067c6616f5a0c1b70e26ac326a880c2d328"},
    {file = "Pillow-8.1.2-pp37-pypy37_pp73-manylinux2010_i686.whl", hash = "sha256:1f93f2fe211f1ef75e6f589327f4d4f8545d5c8e826231b042b483d8383e8a7c"},
    {file = "Pillow-8.1.2-pp37-pypy37_pp73-manylinux2010_x86_64.whl", hash = "sha256:6efac40344d8f668b6c4533ae02a48d52fd852ef0654cc6f19f6ac146399c733"},
    {file = "Pillow-8.1.2-pp37-pypy37_pp73-win32.whl", hash = "sha256:f36c3ff63d6fc509ce599a2f5b0d0732189eed653420e7294c039d342c6e204a"},
    {file = "Pillow-8.1.2.tar.gz", hash = "sha256:b07c660e014852d98a00a91adfbe25033898a9d90a8f39beb2437d22a203fc44"},
]
pycparser = [
    {file = "pycparser-2.20-py2.py3-none-any.whl", hash = "sha256:7582ad22678f0fcd81102833f60ef8d0e57288b6b5fb00323d101be910e35705"},
    {file = "pycparser-2.20.tar.gz", hash = "sha256:2d475327684562c3a96cc71adf7dc8c4f0565175cf86b6d7a404ff4c771f15f0"},
]
pyinstaller = [
    {file = "pyinstaller-4.2.tar.gz", hash = "sha256:f5c0eeb2aa663cce9a5404292c0195011fa500a6501c873a466b2e8cad3c950c"},
]
pyinstaller-hooks-contrib = [
    {file = "pyinstaller-hooks-contrib-2021.1.tar.gz", hash = "sha256:892310e6363655838485ee748bf1c5e5cade7963686d9af8650ee218a3e0b031"},
    {file = "pyinstaller_hooks_contrib-2021.1-py2.py3-none-any.whl", hash = "sha256:27558072021857d89524c42136feaa2ffe4f003f1bdf0278f9b24f6902c1759c"},
]
pysoundfile = [
    {file = "PySoundFile-0.9.0.post1-py2.py3-none-any.whl", hash = "sha256:db14f84f4af1910f54766cf0c0f19d52414fa80aa0e11cb338b5614946f39947"},
    {file = "PySoundFile-0.9.0.post1-py2.py3.cp26.cp27.cp32.cp33.cp34.cp35.cp36.pp27.pp32.pp33-none-macosx_10_5_x86_64.macosx_10_6_intel.macosx_10_9_intel.macosx_10_9_x86_64.whl", hash = "sha256:5889138553f4e675158054f8f41c212ca76ac0e2d949e38d1dd8ded4ca3f0ce0"},
    {file = "PySoundFile-0.9.0.post1-py2.py3.cp26.cp27.cp32.cp33.cp34.cp35.cp36.pp27.pp32.pp33-none-win32.whl", hash = "sha256:c5c5cc8e5f3793a4b9f405c0c77e116e859ac16e065bb6b7f78f2a59484fd7a8"},
    {file = "PySoundFile-0.9.0.post1-py2.py3.cp26.cp27.cp32.cp33.cp34.cp35.cp36.pp27.pp32.pp33-none-win_amd64.whl", hash = "sha256:d92afd505d395523200d5b7f217e409bae4639c90cc61e90832a57a5a0fb484a"},
    {file = "PySoundFile-0.9.0.post1.tar.gz", hash = "sha256:43dd46a2afc0484c26930a7e59eef9365cee81bce7a4aadc5699f788f60d32c3"},
]
pywin32-ctypes = [
    {file = "pywin32-ctypes-0.2.0.tar.gz", hash = "sha256:24ffc3b341d457d48e8922352130cf2644024a4ff09762a2261fd34c36ee5942"},
    {file = "pywin32_ctypes-0.2.0-py2.py3-none-any.whl", hash = "sha256:9dc2d991b3479cc2df15930958b674a48a227d5361d413827a4cfd0b5876fc98"},
]
six = [
    {file = "six-1.15.0-py2.py3-none-any.whl", hash = "sha256:8b74bedcbbbaca38ff6d7491d76f2b06b3592611af620f8426e82dddb04a5ced"},
    {file = "six-1.15.0.tar.gz", hash = "sha256:30639c035cdb23534cd4aa2dd52c3bf48f06e5f4a941509c8bafd8ce11080259"},
]
wxpython = [
    {file = "wxPython-4.1.1-cp36-cp36m-macosx_10_9_x86_64.whl", hash = "sha256:f03d00c25db206d294ba99f15714368e02416b67be12bd8714b8268870e3b155"},
    {file = "wxPython-4.1.1-cp36-cp36m-win32.whl", hash = "sha256:e8170353bc1004574552a5b121251cc859b68d9cf6f09118dd9be48422448304"},
    {file = "wxPython-4.1.1-cp36-cp36m-win_amd64.whl", hash = "sha256:bbd3e9a6f7bde3b72a7159584a760976f4cbaafba4315c7ea8b29e6c3731fa50"},
    {file = "wxPython-4.1.1-cp37-cp37m-macosx_10_9_x86_64.whl", hash = "sha256:07aed697e86904eb6bd63956a3eb792eb54139ddec3ee95f129340973bdcdc54"},
    {file = "wxPython-4.1.1-cp37-cp37m-win32.whl", hash = "sha256:4fde25e97a85b681ee1c76d15b8ee802661d9af4a615d07dc35374b62225d467"},
    {file = "wxPython-4.1.1-cp37-cp37m-win_amd64.whl", hash = "sha256:64933480eff036d50754ef46496247510b9f0a17eb24d7a8079188c868c5b978"},
    {file = "wxPython-4.1.1-cp38-cp38-macosx_10_9_x86_64.whl", hash = "sha256:e132144ac4b05092d18ae63c335571f338d8da82be1c126d2d84c70d43cfcf28"},
    {file = "wxPython-4.1.1-cp38-cp38-win32.whl", hash = "sha256:db057f9c7144ecdef21ed2da683fd9f2dfd7d897d4158626de49d523dbb82945"},
    {file = "wxPython-4.1.1-cp38-cp38-win_amd64.whl", hash = "sha256:a3d699d20826eae5130e117dd0a9024ea9f5e6677669f1e2874a68a96a979272"},
    {file = "wxPython-4.1.1-cp39-cp39-macosx_10_10_x86_64.whl", hash = "sha256:15adf25d8353e196e1258c9d3dda353b67c877fb16519b21c6f64d5efbb9798e"},
    {file = "wxPython-4.1.1-cp39-cp39-win32.whl", hash = "sha256:daf6c3e732954fd56ea50942bd698a6c273c206f424bacd929bf1419148d048f"},
    {file = "wxPython-4.1.1-cp39-cp39-win_amd64.whl", hash = "sha256:84c3d5c7a43e1face86569e0832a526c31ad4a43d0448bef2fec6ce08de0f699"},
    {file = "wxPython-4.1.1.tar.gz", hash = "sha256:00e5e3180ac7f2852f342ad341d57c44e7e4326de0b550b9a5c4a8361b6c3528"},
]
